
Microsoft Visual Studio Solution File, Format Version 12.00
# Visual Studio Version 16
VisualStudioVersion = 16.0.30011.22
MinimumVisualStudioVersion = 10.0.40219.1
Project("{FAE04EC0-301F-11D3-BF4B-00C04F79EFBC}") = "Tugas_Lab-6", "Tugas_Lab-6\Tugas_Lab-6.csproj", "{5B6BED1E-22EB-41BB-B2BE-E388DF2D7651}"
EndProject
Global
	GlobalSection(SolutionConfigurationPlatforms) = preSolution
		Debug|Any CPU = Debug|Any CPU
		Release|Any CPU = Release|Any CPU
	EndGlobalSection
	GlobalSection(ProjectConfigurationPlatforms) = postSolution
		{5B6BED1E-22EB-41BB-B2BE-E388DF2D7651}.Debug|Any CPU.ActiveCfg = Debug|Any CPU
		{5B6BED1E-22EB-41BB-B2BE-E388DF2D7651}.Debug|Any CPU.Build.0 = Debug|Any CPU
		{5B6BED1E-22EB-41BB-B2BE-E388DF2D7651}.Release|Any CPU.ActiveCfg = Release|Any CPU
		{5B6BED1E-22EB-41BB-B2BE-E388DF2D7651}.Release|Any CPU.Build.0 = Release|Any CPU
	EndGlobalSection
	GlobalSection(SolutionProperties) = preSolution
		HideSolutionNode = FALSE
	EndGlobalSection
	GlobalSection(ExtensibilityGlobals) = postSolution
		SolutionGuid = {DBC18166-FF0D-478D-A9BC-7EEBDB15794B}
	EndGlobalSection
EndGlobal
